
Microsoft Visual Studio Solution File, Format Version 12.00
# Visual Studio Version 16
VisualStudioVersion = 16.0.31321.278
MinimumVisualStudioVersion = 10.0.40219.1
Project("{FAE04EC0-301F-11D3-BF4B-00C04F79EFBC}") = "TClientWPF", "TClientWPF\TClientWPF.csproj", "{96E8C9C3-DFCE-4C8D-8F5D-6A5413B967CF}"
EndProject
Global
	GlobalSection(SolutionConfigurationPlatforms) = preSolution
		Debug|Any CPU = Debug|Any CPU
		Release|Any CPU = Release|Any CPU
	EndGlobalSection
	GlobalSection(ProjectConfigurationPlatforms) = postSolution
		{96E8C9C3-DFCE-4C8D-8F5D-6A5413B967CF}.Debug|Any CPU.ActiveCfg = Debug|Any CPU
		{96E8C9C3-DFCE-4C8D-8F5D-6A5413B967CF}.Debug|Any CPU.Build.0 = Debug|Any CPU
		{96E8C9C3-DFCE-4C8D-8F5D-6A5413B967CF}.Release|Any CPU.ActiveCfg = Release|Any CPU
		{96E8C9C3-DFCE-4C8D-8F5D-6A5413B967CF}.Release|Any CPU.Build.0 = Release|Any CPU
	EndGlobalSection
	GlobalSection(SolutionProperties) = preSolution
		HideSolutionNode = FALSE
	EndGlobalSection
	GlobalSection(ExtensibilityGlobals) = postSolution
		SolutionGuid = {124DEBE4-9141-4E3F-BEFC-8768AAEB0807}
	EndGlobalSection
EndGlobal
